
Microsoft Visual Studio Solution File, Format Version 12.00
# Visual Studio Version 16
VisualStudioVersion = 16.0.30621.155
MinimumVisualStudioVersion = 10.0.40219.1
Project("{8BC9CEB8-8B4A-11D0-8D11-00A0C91BC942}") = "Bai 6", "Bai 6\Bai 6.vcxproj", "{37DEA3DB-3774-4098-9919-AAEEE79AC3EF}"
EndProject
Global
	GlobalSection(SolutionConfigurationPlatforms) = preSolution
		Debug|x64 = Debug|x64
		Debug|x86 = Debug|x86
		Release|x64 = Release|x64
		Release|x86 = Release|x86
	EndGlobalSection
	GlobalSection(ProjectConfigurationPlatforms) = postSolution
		{37DEA3DB-3774-4098-9919-AAEEE79AC3EF}.Debug|x64.ActiveCfg = Debug|x64
		{37DEA3DB-3774-4098-9919-AAEEE79AC3EF}.Debug|x64.Build.0 = Debug|x64
		{37DEA3DB-3774-4098-9919-AAEEE79AC3EF}.Debug|x86.ActiveCfg = Debug|Win32
		{37DEA3DB-3774-4098-9919-AAEEE79AC3EF}.Debug|x86.Build.0 = Debug|Win32
		{37DEA3DB-3774-4098-9919-AAEEE79AC3EF}.Release|x64.ActiveCfg = Release|x64
		{37DEA3DB-3774-4098-9919-AAEEE79AC3EF}.Release|x64.Build.0 = Release|x64
		{37DEA3DB-3774-4098-9919-AAEEE79AC3EF}.Release|x86.ActiveCfg = Release|Win32
		{37DEA3DB-3774-4098-9919-AAEEE79AC3EF}.Release|x86.Build.0 = Release|Win32
	EndGlobalSection
	GlobalSection(SolutionProperties) = preSolution
		HideSolutionNode = FALSE
	EndGlobalSection
	GlobalSection(ExtensibilityGlobals) = postSolution
		SolutionGuid = {D59DA349-C0EA-424D-9359-865B04832D20}
	EndGlobalSection
EndGlobal
